
Microsoft Visual Studio Solution File, Format Version 12.00
# Visual Studio Version 17
VisualStudioVersion = 17.13.35825.156 d17.13
MinimumVisualStudioVersion = 10.0.40219.1
Project("{FAE04EC0-301F-11D3-BF4B-00C04F79EFBC}") = "Concurrency", "Concurrency.csproj", "{BAC8B002-B7A0-4290-919D-9A8DE7830958}"
EndProject
Global
	GlobalSection(SolutionConfigurationPlatforms) = preSolution
		Debug|Any CPU = Debug|Any CPU
		Release|Any CPU = Release|Any CPU
	EndGlobalSection
	GlobalSection(ProjectConfigurationPlatforms) = postSolution
		{BAC8B002-B7A0-4290-919D-9A8DE7830958}.Debug|Any CPU.ActiveCfg = Debug|Any CPU
		{BAC8B002-B7A0-4290-919D-9A8DE7830958}.Debug|Any CPU.Build.0 = Debug|Any CPU
		{BAC8B002-B7A0-4290-919D-9A8DE7830958}.Release|Any CPU.ActiveCfg = Release|Any CPU
		{BAC8B002-B7A0-4290-919D-9A8DE7830958}.Release|Any CPU.Build.0 = Release|Any CPU
	EndGlobalSection
	GlobalSection(SolutionProperties) = preSolution
		HideSolutionNode = FALSE
	EndGlobalSection
	GlobalSection(ExtensibilityGlobals) = postSolution
		SolutionGuid = {53C117CA-916C-41DC-A0FE-B53E6412EE87}
	EndGlobalSection
EndGlobal
