
Microsoft Visual Studio Solution File, Format Version 12.00
# Visual Studio Version 17
VisualStudioVersion = 17.11.35327.3
MinimumVisualStudioVersion = 10.0.40219.1
Project("{FAE04EC0-301F-11D3-BF4B-00C04F79EFBC}") = "ws4 - IO System and IPC", "ws4 - IO System and IPC.csproj", "{0143AF8B-7096-4B4C-AE8F-DB87D18ECA3C}"
EndProject
Global
	GlobalSection(SolutionConfigurationPlatforms) = preSolution
		Debug|Any CPU = Debug|Any CPU
		Release|Any CPU = Release|Any CPU
	EndGlobalSection
	GlobalSection(ProjectConfigurationPlatforms) = postSolution
		{0143AF8B-7096-4B4C-AE8F-DB87D18ECA3C}.Debug|Any CPU.ActiveCfg = Debug|Any CPU
		{0143AF8B-7096-4B4C-AE8F-DB87D18ECA3C}.Debug|Any CPU.Build.0 = Debug|Any CPU
		{0143AF8B-7096-4B4C-AE8F-DB87D18ECA3C}.Release|Any CPU.ActiveCfg = Release|Any CPU
		{0143AF8B-7096-4B4C-AE8F-DB87D18ECA3C}.Release|Any CPU.Build.0 = Release|Any CPU
	EndGlobalSection
	GlobalSection(SolutionProperties) = preSolution
		HideSolutionNode = FALSE
	EndGlobalSection
	GlobalSection(ExtensibilityGlobals) = postSolution
		SolutionGuid = {C223A974-1C28-47D3-BAFE-98423E4A3075}
	EndGlobalSection
EndGlobal
